{
  "name": "pattern-video-player",
  "version": "1.0.0",
  "lockfileVersion": 1,
  "dependencies": {
    "@enact/core": {
      "version": "1.3.1",
      "dependencies": {
        "asap": {
          "version": "2.0.5",
          "resolved": "https://registry.npmjs.org/asap/-/asap-2.0.5.tgz",
          "integrity": "sha1-UidltQw1EEkOUtfc/ghe+bqWlY8="
        },
        "classnames": {
          "version": "2.2.5",
          "resolved": "https://registry.npmjs.org/classnames/-/classnames-2.2.5.tgz",
          "integrity": "sha1-+zgB1FNGdknvNgPH1hoCvRKb3m0="
        },
        "core-js": {
          "version": "1.2.7",
          "resolved": "https://registry.npmjs.org/core-js/-/core-js-1.2.7.tgz",
          "integrity": "sha1-ZSKUwUZR2yj6k70tX/KYOk8IxjY="
        },
        "create-react-class": {
          "version": "15.6.0",
          "resolved": "https://registry.npmjs.org/create-react-class/-/create-react-class-15.6.0.tgz",
          "integrity": "sha1-q0SEl8JlZuHilBPogyB9V8/nvtQ="
        },
        "encoding": {
          "version": "0.1.12",
          "resolved": "https://registry.npmjs.org/encoding/-/encoding-0.1.12.tgz",
          "integrity": "sha1-U4tm8+5izRq1HsMjgp0flIDHS+s="
        },
        "fbjs": {
          "version": "0.8.12",
          "resolved": "https://registry.npmjs.org/fbjs/-/fbjs-0.8.12.tgz",
          "integrity": "sha1-ELXZL3bUVXX9Y6IX1OoCvqL47QQ="
        },
        "iconv-lite": {
          "version": "0.4.17",
          "resolved": "https://registry.npmjs.org/iconv-lite/-/iconv-lite-0.4.17.tgz",
          "integrity": "sha1-T9qjs4rLwsAxsEXQ7c3+HsqxjI0="
        },
        "is-stream": {
          "version": "1.1.0",
          "resolved": "https://registry.npmjs.org/is-stream/-/is-stream-1.1.0.tgz",
          "integrity": "sha1-EtSj3U5o4Lec6428hBc66A2RykQ="
        },
        "isomorphic-fetch": {
          "version": "2.2.1",
          "resolved": "https://registry.npmjs.org/isomorphic-fetch/-/isomorphic-fetch-2.2.1.tgz",
          "integrity": "sha1-YRrhrPFPXoH3KVB0coGf6XM1WKk="
        },
        "js-tokens": {
          "version": "3.0.1",
          "resolved": "https://registry.npmjs.org/js-tokens/-/js-tokens-3.0.1.tgz",
          "integrity": "sha1-COnxMkhKLEWjCQfp3E1VZ7fxFNc="
        },
        "loose-envify": {
          "version": "1.3.1",
          "resolved": "https://registry.npmjs.org/loose-envify/-/loose-envify-1.3.1.tgz",
          "integrity": "sha1-0aitM/qc4OcT1l/dCsi3SNR4yEg="
        },
        "node-fetch": {
          "version": "1.7.1",
          "resolved": "https://registry.npmjs.org/node-fetch/-/node-fetch-1.7.1.tgz",
          "integrity": "sha512-j8XsFGCLw79vWXkZtMSmmLaOk9z5SQ9bV/tkbZVCqvgwzrjAGq66igobLofHtF63NvMTp2WjytpsNTGKa+XRIQ=="
        },
        "object-assign": {
          "version": "4.1.1",
          "resolved": "https://registry.npmjs.org/object-assign/-/object-assign-4.1.1.tgz",
          "integrity": "sha1-IQmtx5ZYh8/AXLvUQsrIv7s2CGM="
        },
        "promise": {
          "version": "7.1.1",
          "resolved": "https://registry.npmjs.org/promise/-/promise-7.1.1.tgz",
          "integrity": "sha1-SJZUxpJha4qlWwck+oCbt9tJxb8="
        },
        "prop-types": {
          "version": "15.5.10",
          "resolved": "https://registry.npmjs.org/prop-types/-/prop-types-15.5.10.tgz",
          "integrity": "sha1-J5ffwxJhguOpXj37suiT3ddFYVQ="
        },
        "ramda": {
          "version": "0.23.0",
          "resolved": "https://registry.npmjs.org/ramda/-/ramda-0.23.0.tgz",
          "integrity": "sha1-zNE//3NJepOXTj6GMnv9h71ujis="
        },
        "react": {
          "version": "15.5.4",
          "resolved": "https://registry.npmjs.org/react/-/react-15.5.4.tgz",
          "integrity": "sha1-+oPrAVBqsjfNwcjDsc6o3gEr8Ec="
        },
        "react-dom": {
          "version": "15.5.4",
          "resolved": "https://registry.npmjs.org/react-dom/-/react-dom-15.5.4.tgz",
          "integrity": "sha1-ugwoeG/VLtfk8hNf4CiNRirvk9o="
        },
        "setimmediate": {
          "version": "1.0.5",
          "resolved": "https://registry.npmjs.org/setimmediate/-/setimmediate-1.0.5.tgz",
          "integrity": "sha1-KQy7Iy4waULX1+qbg3Mqt4VvgoU="
        },
        "ua-parser-js": {
          "version": "0.7.12",
          "resolved": "https://registry.npmjs.org/ua-parser-js/-/ua-parser-js-0.7.12.tgz",
          "integrity": "sha1-BMgamb3V3FImPqKdJMa/jUgYpLs="
        },
        "whatwg-fetch": {
          "version": "2.0.3",
          "resolved": "https://registry.npmjs.org/whatwg-fetch/-/whatwg-fetch-2.0.3.tgz",
          "integrity": "sha1-nITsLc9oGH/wC8ZOEnS0QhduHIQ="
        }
      }
    },
    "@enact/i18n": {
      "version": "1.3.1",
      "dependencies": {
        "asap": {
          "version": "2.0.5",
          "resolved": "https://registry.npmjs.org/asap/-/asap-2.0.5.tgz",
          "integrity": "sha1-UidltQw1EEkOUtfc/ghe+bqWlY8="
        },
        "core-js": {
          "version": "1.2.7",
          "resolved": "https://registry.npmjs.org/core-js/-/core-js-1.2.7.tgz",
          "integrity": "sha1-ZSKUwUZR2yj6k70tX/KYOk8IxjY="
        },
        "create-react-class": {
          "version": "15.6.0",
          "resolved": "https://registry.npmjs.org/create-react-class/-/create-react-class-15.6.0.tgz",
          "integrity": "sha1-q0SEl8JlZuHilBPogyB9V8/nvtQ="
        },
        "dom-walk": {
          "version": "0.1.1",
          "resolved": "https://registry.npmjs.org/dom-walk/-/dom-walk-0.1.1.tgz",
          "integrity": "sha1-ZyIm3HTI95mtNTB9+TaroRrNYBg="
        },
        "encoding": {
          "version": "0.1.12",
          "resolved": "https://registry.npmjs.org/encoding/-/encoding-0.1.12.tgz",
          "integrity": "sha1-U4tm8+5izRq1HsMjgp0flIDHS+s="
        },
        "fbjs": {
          "version": "0.8.12",
          "resolved": "https://registry.npmjs.org/fbjs/-/fbjs-0.8.12.tgz",
          "integrity": "sha1-ELXZL3bUVXX9Y6IX1OoCvqL47QQ="
        },
        "for-each": {
          "version": "0.3.2",
          "resolved": "https://registry.npmjs.org/for-each/-/for-each-0.3.2.tgz",
          "integrity": "sha1-LEBFC5NI6X8oEyJZO6lnBLmr1NQ="
        },
        "global": {
          "version": "4.3.2",
          "resolved": "https://registry.npmjs.org/global/-/global-4.3.2.tgz",
          "integrity": "sha1-52mJJopsdMOJCLEwWxD8DjlOnQ8="
        },
        "iconv-lite": {
          "version": "0.4.17",
          "resolved": "https://registry.npmjs.org/iconv-lite/-/iconv-lite-0.4.17.tgz",
          "integrity": "sha1-T9qjs4rLwsAxsEXQ7c3+HsqxjI0="
        },
        "is-function": {
          "version": "1.0.1",
          "resolved": "https://registry.npmjs.org/is-function/-/is-function-1.0.1.tgz",
          "integrity": "sha1-Es+5i2W1fdPRk6MSH19uL0N2ArU="
        },
        "is-stream": {
          "version": "1.1.0",
          "resolved": "https://registry.npmjs.org/is-stream/-/is-stream-1.1.0.tgz",
          "integrity": "sha1-EtSj3U5o4Lec6428hBc66A2RykQ="
        },
        "isomorphic-fetch": {
          "version": "2.2.1",
          "resolved": "https://registry.npmjs.org/isomorphic-fetch/-/isomorphic-fetch-2.2.1.tgz",
          "integrity": "sha1-YRrhrPFPXoH3KVB0coGf6XM1WKk="
        },
        "js-tokens": {
          "version": "3.0.1",
          "resolved": "https://registry.npmjs.org/js-tokens/-/js-tokens-3.0.1.tgz",
          "integrity": "sha1-COnxMkhKLEWjCQfp3E1VZ7fxFNc="
        },
        "loose-envify": {
          "version": "1.3.1",
          "resolved": "https://registry.npmjs.org/loose-envify/-/loose-envify-1.3.1.tgz",
          "integrity": "sha1-0aitM/qc4OcT1l/dCsi3SNR4yEg="
        },
        "min-document": {
          "version": "2.19.0",
          "resolved": "https://registry.npmjs.org/min-document/-/min-document-2.19.0.tgz",
          "integrity": "sha1-e9KC4/WELtKVu3SM3Z8f+iyCRoU="
        },
        "node-fetch": {
          "version": "1.7.1",
          "resolved": "https://registry.npmjs.org/node-fetch/-/node-fetch-1.7.1.tgz",
          "integrity": "sha512-j8XsFGCLw79vWXkZtMSmmLaOk9z5SQ9bV/tkbZVCqvgwzrjAGq66igobLofHtF63NvMTp2WjytpsNTGKa+XRIQ=="
        },
        "object-assign": {
          "version": "4.1.1",
          "resolved": "https://registry.npmjs.org/object-assign/-/object-assign-4.1.1.tgz",
          "integrity": "sha1-IQmtx5ZYh8/AXLvUQsrIv7s2CGM="
        },
        "parse-headers": {
          "version": "2.0.1",
          "resolved": "https://registry.npmjs.org/parse-headers/-/parse-headers-2.0.1.tgz",
          "integrity": "sha1-aug6eqJanZtwCswoaYzR8e1+lTY="
        },
        "process": {
          "version": "0.5.2",
          "resolved": "https://registry.npmjs.org/process/-/process-0.5.2.tgz",
          "integrity": "sha1-FjjYqONML0QKkduVq5rrZ3/Bhc8="
        },
        "promise": {
          "version": "7.1.1",
          "resolved": "https://registry.npmjs.org/promise/-/promise-7.1.1.tgz",
          "integrity": "sha1-SJZUxpJha4qlWwck+oCbt9tJxb8="
        },
        "prop-types": {
          "version": "15.5.10",
          "resolved": "https://registry.npmjs.org/prop-types/-/prop-types-15.5.10.tgz",
          "integrity": "sha1-J5ffwxJhguOpXj37suiT3ddFYVQ="
        },
        "ramda": {
          "version": "0.23.0",
          "resolved": "https://registry.npmjs.org/ramda/-/ramda-0.23.0.tgz",
          "integrity": "sha1-zNE//3NJepOXTj6GMnv9h71ujis="
        },
        "react": {
          "version": "15.5.4",
          "resolved": "https://registry.npmjs.org/react/-/react-15.5.4.tgz",
          "integrity": "sha1-+oPrAVBqsjfNwcjDsc6o3gEr8Ec="
        },
        "react-dom": {
          "version": "15.5.4",
          "resolved": "https://registry.npmjs.org/react-dom/-/react-dom-15.5.4.tgz",
          "integrity": "sha1-ugwoeG/VLtfk8hNf4CiNRirvk9o="
        },
        "setimmediate": {
          "version": "1.0.5",
          "resolved": "https://registry.npmjs.org/setimmediate/-/setimmediate-1.0.5.tgz",
          "integrity": "sha1-KQy7Iy4waULX1+qbg3Mqt4VvgoU="
        },
        "trim": {
          "version": "0.0.1",
          "resolved": "https://registry.npmjs.org/trim/-/trim-0.0.1.tgz",
          "integrity": "sha1-WFhUf2spB1fulczMZm+1AITEYN0="
        },
        "ua-parser-js": {
          "version": "0.7.12",
          "resolved": "https://registry.npmjs.org/ua-parser-js/-/ua-parser-js-0.7.12.tgz",
          "integrity": "sha1-BMgamb3V3FImPqKdJMa/jUgYpLs="
        },
        "whatwg-fetch": {
          "version": "2.0.3",
          "resolved": "https://registry.npmjs.org/whatwg-fetch/-/whatwg-fetch-2.0.3.tgz",
          "integrity": "sha1-nITsLc9oGH/wC8ZOEnS0QhduHIQ="
        },
        "xhr": {
          "version": "2.4.0",
          "resolved": "https://registry.npmjs.org/xhr/-/xhr-2.4.0.tgz",
          "integrity": "sha1-4W5mpF+GmGHu76tBbV7/ci3ECZM="
        },
        "xtend": {
          "version": "4.0.1",
          "resolved": "https://registry.npmjs.org/xtend/-/xtend-4.0.1.tgz",
          "integrity": "sha1-pcbVMr5lbiPbgg77lDofBJmNY68="
        }
      }
    },
    "@enact/moonstone": {
      "version": "1.3.1",
      "dependencies": {
        "asap": {
          "version": "2.0.5",
          "resolved": "https://registry.npmjs.org/asap/-/asap-2.0.5.tgz",
          "integrity": "sha1-UidltQw1EEkOUtfc/ghe+bqWlY8="
        },
        "change-emitter": {
          "version": "0.1.6",
          "resolved": "https://registry.npmjs.org/change-emitter/-/change-emitter-0.1.6.tgz",
          "integrity": "sha1-6LL+PX8at9aaMhma/5HqaTFAlRU="
        },
        "classnames": {
          "version": "2.2.5",
          "resolved": "https://registry.npmjs.org/classnames/-/classnames-2.2.5.tgz",
          "integrity": "sha1-+zgB1FNGdknvNgPH1hoCvRKb3m0="
        },
        "core-js": {
          "version": "1.2.7",
          "resolved": "https://registry.npmjs.org/core-js/-/core-js-1.2.7.tgz",
          "integrity": "sha1-ZSKUwUZR2yj6k70tX/KYOk8IxjY="
        },
        "create-react-class": {
          "version": "15.6.0",
          "resolved": "https://registry.npmjs.org/create-react-class/-/create-react-class-15.6.0.tgz",
          "integrity": "sha1-q0SEl8JlZuHilBPogyB9V8/nvtQ="
        },
        "eases": {
          "version": "1.0.8",
          "resolved": "https://registry.npmjs.org/eases/-/eases-1.0.8.tgz",
          "integrity": "sha1-8fUGmmtu0upRD5xhEDmNY+/pruY="
        },
        "encoding": {
          "version": "0.1.12",
          "resolved": "https://registry.npmjs.org/encoding/-/encoding-0.1.12.tgz",
          "integrity": "sha1-U4tm8+5izRq1HsMjgp0flIDHS+s="
        },
        "fbjs": {
          "version": "0.8.12",
          "resolved": "https://registry.npmjs.org/fbjs/-/fbjs-0.8.12.tgz",
          "integrity": "sha1-ELXZL3bUVXX9Y6IX1OoCvqL47QQ="
        },
        "hoist-non-react-statics": {
          "version": "1.2.0",
          "resolved": "https://registry.npmjs.org/hoist-non-react-statics/-/hoist-non-react-statics-1.2.0.tgz",
          "integrity": "sha1-qkSM8JhtVcxAdzsXF0t90GbLfPs="
        },
        "iconv-lite": {
          "version": "0.4.17",
          "resolved": "https://registry.npmjs.org/iconv-lite/-/iconv-lite-0.4.17.tgz",
          "integrity": "sha1-T9qjs4rLwsAxsEXQ7c3+HsqxjI0="
        },
        "is-stream": {
          "version": "1.1.0",
          "resolved": "https://registry.npmjs.org/is-stream/-/is-stream-1.1.0.tgz",
          "integrity": "sha1-EtSj3U5o4Lec6428hBc66A2RykQ="
        },
        "isomorphic-fetch": {
          "version": "2.2.1",
          "resolved": "https://registry.npmjs.org/isomorphic-fetch/-/isomorphic-fetch-2.2.1.tgz",
          "integrity": "sha1-YRrhrPFPXoH3KVB0coGf6XM1WKk="
        },
        "js-tokens": {
          "version": "3.0.1",
          "resolved": "https://registry.npmjs.org/js-tokens/-/js-tokens-3.0.1.tgz",
          "integrity": "sha1-COnxMkhKLEWjCQfp3E1VZ7fxFNc="
        },
        "loose-envify": {
          "version": "1.3.1",
          "resolved": "https://registry.npmjs.org/loose-envify/-/loose-envify-1.3.1.tgz",
          "integrity": "sha1-0aitM/qc4OcT1l/dCsi3SNR4yEg="
        },
        "node-fetch": {
          "version": "1.7.1",
          "resolved": "https://registry.npmjs.org/node-fetch/-/node-fetch-1.7.1.tgz",
          "integrity": "sha512-j8XsFGCLw79vWXkZtMSmmLaOk9z5SQ9bV/tkbZVCqvgwzrjAGq66igobLofHtF63NvMTp2WjytpsNTGKa+XRIQ=="
        },
        "object-assign": {
          "version": "4.1.1",
          "resolved": "https://registry.npmjs.org/object-assign/-/object-assign-4.1.1.tgz",
          "integrity": "sha1-IQmtx5ZYh8/AXLvUQsrIv7s2CGM="
        },
        "promise": {
          "version": "7.1.1",
          "resolved": "https://registry.npmjs.org/promise/-/promise-7.1.1.tgz",
          "integrity": "sha1-SJZUxpJha4qlWwck+oCbt9tJxb8="
        },
        "prop-types": {
          "version": "15.5.10",
          "resolved": "https://registry.npmjs.org/prop-types/-/prop-types-15.5.10.tgz",
          "integrity": "sha1-J5ffwxJhguOpXj37suiT3ddFYVQ="
        },
        "ramda": {
          "version": "0.23.0",
          "resolved": "https://registry.npmjs.org/ramda/-/ramda-0.23.0.tgz",
          "integrity": "sha1-zNE//3NJepOXTj6GMnv9h71ujis="
        },
        "react": {
          "version": "15.5.4",
          "resolved": "https://registry.npmjs.org/react/-/react-15.5.4.tgz",
          "integrity": "sha1-+oPrAVBqsjfNwcjDsc6o3gEr8Ec="
        },
        "recompose": {
          "version": "0.23.5",
          "resolved": "https://registry.npmjs.org/recompose/-/recompose-0.23.5.tgz",
          "integrity": "sha1-cqyCYSRr7DeCNdGHRn0CpyHosd4="
        },
        "setimmediate": {
          "version": "1.0.5",
          "resolved": "https://registry.npmjs.org/setimmediate/-/setimmediate-1.0.5.tgz",
          "integrity": "sha1-KQy7Iy4waULX1+qbg3Mqt4VvgoU="
        },
        "symbol-observable": {
          "version": "1.0.4",
          "resolved": "https://registry.npmjs.org/symbol-observable/-/symbol-observable-1.0.4.tgz",
          "integrity": "sha1-Kb9hXUqnEhvdiYsi1LP5vE4qoD0="
        },
        "ua-parser-js": {
          "version": "0.7.12",
          "resolved": "https://registry.npmjs.org/ua-parser-js/-/ua-parser-js-0.7.12.tgz",
          "integrity": "sha1-BMgamb3V3FImPqKdJMa/jUgYpLs="
        },
        "warning": {
          "version": "3.0.0",
          "resolved": "https://registry.npmjs.org/warning/-/warning-3.0.0.tgz",
          "integrity": "sha1-MuU3fLVy3kqwR1O9+IIcAe1gW3w="
        },
        "whatwg-fetch": {
          "version": "2.0.3",
          "resolved": "https://registry.npmjs.org/whatwg-fetch/-/whatwg-fetch-2.0.3.tgz",
          "integrity": "sha1-nITsLc9oGH/wC8ZOEnS0QhduHIQ="
        }
      }
    },
    "@enact/spotlight": {
      "version": "1.3.1",
      "dependencies": {
        "asap": {
          "version": "2.0.5",
          "resolved": "https://registry.npmjs.org/asap/-/asap-2.0.5.tgz",
          "integrity": "sha1-UidltQw1EEkOUtfc/ghe+bqWlY8="
        },
        "core-js": {
          "version": "1.2.7",
          "resolved": "https://registry.npmjs.org/core-js/-/core-js-1.2.7.tgz",
          "integrity": "sha1-ZSKUwUZR2yj6k70tX/KYOk8IxjY="
        },
        "create-react-class": {
          "version": "15.6.0",
          "resolved": "https://registry.npmjs.org/create-react-class/-/create-react-class-15.6.0.tgz",
          "integrity": "sha1-q0SEl8JlZuHilBPogyB9V8/nvtQ="
        },
        "encoding": {
          "version": "0.1.12",
          "resolved": "https://registry.npmjs.org/encoding/-/encoding-0.1.12.tgz",
          "integrity": "sha1-U4tm8+5izRq1HsMjgp0flIDHS+s="
        },
        "fbjs": {
          "version": "0.8.12",
          "resolved": "https://registry.npmjs.org/fbjs/-/fbjs-0.8.12.tgz",
          "integrity": "sha1-ELXZL3bUVXX9Y6IX1OoCvqL47QQ="
        },
        "iconv-lite": {
          "version": "0.4.17",
          "resolved": "https://registry.npmjs.org/iconv-lite/-/iconv-lite-0.4.17.tgz",
          "integrity": "sha1-T9qjs4rLwsAxsEXQ7c3+HsqxjI0="
        },
        "is-stream": {
          "version": "1.1.0",
          "resolved": "https://registry.npmjs.org/is-stream/-/is-stream-1.1.0.tgz",
          "integrity": "sha1-EtSj3U5o4Lec6428hBc66A2RykQ="
        },
        "isomorphic-fetch": {
          "version": "2.2.1",
          "resolved": "https://registry.npmjs.org/isomorphic-fetch/-/isomorphic-fetch-2.2.1.tgz",
          "integrity": "sha1-YRrhrPFPXoH3KVB0coGf6XM1WKk="
        },
        "js-tokens": {
          "version": "3.0.1",
          "resolved": "https://registry.npmjs.org/js-tokens/-/js-tokens-3.0.1.tgz",
          "integrity": "sha1-COnxMkhKLEWjCQfp3E1VZ7fxFNc="
        },
        "loose-envify": {
          "version": "1.3.1",
          "resolved": "https://registry.npmjs.org/loose-envify/-/loose-envify-1.3.1.tgz",
          "integrity": "sha1-0aitM/qc4OcT1l/dCsi3SNR4yEg="
        },
        "node-fetch": {
          "version": "1.7.1",
          "resolved": "https://registry.npmjs.org/node-fetch/-/node-fetch-1.7.1.tgz",
          "integrity": "sha512-j8XsFGCLw79vWXkZtMSmmLaOk9z5SQ9bV/tkbZVCqvgwzrjAGq66igobLofHtF63NvMTp2WjytpsNTGKa+XRIQ=="
        },
        "object-assign": {
          "version": "4.1.1",
          "resolved": "https://registry.npmjs.org/object-assign/-/object-assign-4.1.1.tgz",
          "integrity": "sha1-IQmtx5ZYh8/AXLvUQsrIv7s2CGM="
        },
        "promise": {
          "version": "7.1.1",
          "resolved": "https://registry.npmjs.org/promise/-/promise-7.1.1.tgz",
          "integrity": "sha1-SJZUxpJha4qlWwck+oCbt9tJxb8="
        },
        "prop-types": {
          "version": "15.5.10",
          "resolved": "https://registry.npmjs.org/prop-types/-/prop-types-15.5.10.tgz",
          "integrity": "sha1-J5ffwxJhguOpXj37suiT3ddFYVQ="
        },
        "ramda": {
          "version": "0.23.0",
          "resolved": "https://registry.npmjs.org/ramda/-/ramda-0.23.0.tgz",
          "integrity": "sha1-zNE//3NJepOXTj6GMnv9h71ujis="
        },
        "react": {
          "version": "15.5.4",
          "resolved": "https://registry.npmjs.org/react/-/react-15.5.4.tgz",
          "integrity": "sha1-+oPrAVBqsjfNwcjDsc6o3gEr8Ec="
        },
        "setimmediate": {
          "version": "1.0.5",
          "resolved": "https://registry.npmjs.org/setimmediate/-/setimmediate-1.0.5.tgz",
          "integrity": "sha1-KQy7Iy4waULX1+qbg3Mqt4VvgoU="
        },
        "ua-parser-js": {
          "version": "0.7.12",
          "resolved": "https://registry.npmjs.org/ua-parser-js/-/ua-parser-js-0.7.12.tgz",
          "integrity": "sha1-BMgamb3V3FImPqKdJMa/jUgYpLs="
        },
        "whatwg-fetch": {
          "version": "2.0.3",
          "resolved": "https://registry.npmjs.org/whatwg-fetch/-/whatwg-fetch-2.0.3.tgz",
          "integrity": "sha1-nITsLc9oGH/wC8ZOEnS0QhduHIQ="
        }
      }
    },
    "@enact/ui": {
      "version": "1.3.1",
      "dependencies": {
        "asap": {
          "version": "2.0.5",
          "resolved": "https://registry.npmjs.org/asap/-/asap-2.0.5.tgz",
          "integrity": "sha1-UidltQw1EEkOUtfc/ghe+bqWlY8="
        },
        "change-emitter": {
          "version": "0.1.6",
          "resolved": "https://registry.npmjs.org/change-emitter/-/change-emitter-0.1.6.tgz",
          "integrity": "sha1-6LL+PX8at9aaMhma/5HqaTFAlRU="
        },
        "core-js": {
          "version": "1.2.7",
          "resolved": "https://registry.npmjs.org/core-js/-/core-js-1.2.7.tgz",
          "integrity": "sha1-ZSKUwUZR2yj6k70tX/KYOk8IxjY="
        },
        "create-react-class": {
          "version": "15.6.0",
          "resolved": "https://registry.npmjs.org/create-react-class/-/create-react-class-15.6.0.tgz",
          "integrity": "sha1-q0SEl8JlZuHilBPogyB9V8/nvtQ="
        },
        "encoding": {
          "version": "0.1.12",
          "resolved": "https://registry.npmjs.org/encoding/-/encoding-0.1.12.tgz",
          "integrity": "sha1-U4tm8+5izRq1HsMjgp0flIDHS+s="
        },
        "fbjs": {
          "version": "0.8.12",
          "resolved": "https://registry.npmjs.org/fbjs/-/fbjs-0.8.12.tgz",
          "integrity": "sha1-ELXZL3bUVXX9Y6IX1OoCvqL47QQ="
        },
        "hoist-non-react-statics": {
          "version": "1.2.0",
          "resolved": "https://registry.npmjs.org/hoist-non-react-statics/-/hoist-non-react-statics-1.2.0.tgz",
          "integrity": "sha1-qkSM8JhtVcxAdzsXF0t90GbLfPs="
        },
        "iconv-lite": {
          "version": "0.4.17",
          "resolved": "https://registry.npmjs.org/iconv-lite/-/iconv-lite-0.4.17.tgz",
          "integrity": "sha1-T9qjs4rLwsAxsEXQ7c3+HsqxjI0="
        },
        "is-stream": {
          "version": "1.1.0",
          "resolved": "https://registry.npmjs.org/is-stream/-/is-stream-1.1.0.tgz",
          "integrity": "sha1-EtSj3U5o4Lec6428hBc66A2RykQ="
        },
        "isomorphic-fetch": {
          "version": "2.2.1",
          "resolved": "https://registry.npmjs.org/isomorphic-fetch/-/isomorphic-fetch-2.2.1.tgz",
          "integrity": "sha1-YRrhrPFPXoH3KVB0coGf6XM1WKk="
        },
        "js-tokens": {
          "version": "3.0.1",
          "resolved": "https://registry.npmjs.org/js-tokens/-/js-tokens-3.0.1.tgz",
          "integrity": "sha1-COnxMkhKLEWjCQfp3E1VZ7fxFNc="
        },
        "loose-envify": {
          "version": "1.3.1",
          "resolved": "https://registry.npmjs.org/loose-envify/-/loose-envify-1.3.1.tgz",
          "integrity": "sha1-0aitM/qc4OcT1l/dCsi3SNR4yEg="
        },
        "node-fetch": {
          "version": "1.7.1",
          "resolved": "https://registry.npmjs.org/node-fetch/-/node-fetch-1.7.1.tgz",
          "integrity": "sha512-j8XsFGCLw79vWXkZtMSmmLaOk9z5SQ9bV/tkbZVCqvgwzrjAGq66igobLofHtF63NvMTp2WjytpsNTGKa+XRIQ=="
        },
        "object-assign": {
          "version": "4.1.1",
          "resolved": "https://registry.npmjs.org/object-assign/-/object-assign-4.1.1.tgz",
          "integrity": "sha1-IQmtx5ZYh8/AXLvUQsrIv7s2CGM="
        },
        "promise": {
          "version": "7.1.1",
          "resolved": "https://registry.npmjs.org/promise/-/promise-7.1.1.tgz",
          "integrity": "sha1-SJZUxpJha4qlWwck+oCbt9tJxb8="
        },
        "prop-types": {
          "version": "15.5.10",
          "resolved": "https://registry.npmjs.org/prop-types/-/prop-types-15.5.10.tgz",
          "integrity": "sha1-J5ffwxJhguOpXj37suiT3ddFYVQ="
        },
        "ramda": {
          "version": "0.23.0",
          "resolved": "https://registry.npmjs.org/ramda/-/ramda-0.23.0.tgz",
          "integrity": "sha1-zNE//3NJepOXTj6GMnv9h71ujis="
        },
        "react": {
          "version": "15.5.4",
          "resolved": "https://registry.npmjs.org/react/-/react-15.5.4.tgz",
          "integrity": "sha1-+oPrAVBqsjfNwcjDsc6o3gEr8Ec="
        },
        "react-dom": {
          "version": "15.5.4",
          "resolved": "https://registry.npmjs.org/react-dom/-/react-dom-15.5.4.tgz",
          "integrity": "sha1-ugwoeG/VLtfk8hNf4CiNRirvk9o="
        },
        "recompose": {
          "version": "0.23.5",
          "resolved": "https://registry.npmjs.org/recompose/-/recompose-0.23.5.tgz",
          "integrity": "sha1-cqyCYSRr7DeCNdGHRn0CpyHosd4="
        },
        "setimmediate": {
          "version": "1.0.5",
          "resolved": "https://registry.npmjs.org/setimmediate/-/setimmediate-1.0.5.tgz",
          "integrity": "sha1-KQy7Iy4waULX1+qbg3Mqt4VvgoU="
        },
        "symbol-observable": {
          "version": "1.0.4",
          "resolved": "https://registry.npmjs.org/symbol-observable/-/symbol-observable-1.0.4.tgz",
          "integrity": "sha1-Kb9hXUqnEhvdiYsi1LP5vE4qoD0="
        },
        "ua-parser-js": {
          "version": "0.7.12",
          "resolved": "https://registry.npmjs.org/ua-parser-js/-/ua-parser-js-0.7.12.tgz",
          "integrity": "sha1-BMgamb3V3FImPqKdJMa/jUgYpLs="
        },
        "warning": {
          "version": "3.0.0",
          "resolved": "https://registry.npmjs.org/warning/-/warning-3.0.0.tgz",
          "integrity": "sha1-MuU3fLVy3kqwR1O9+IIcAe1gW3w="
        },
        "whatwg-fetch": {
          "version": "2.0.3",
          "resolved": "https://registry.npmjs.org/whatwg-fetch/-/whatwg-fetch-2.0.3.tgz",
          "integrity": "sha1-nITsLc9oGH/wC8ZOEnS0QhduHIQ="
        }
      }
    },
    "@enact/webos": {
      "version": "1.3.1"
    },
    "asap": {
      "version": "2.0.5",
      "resolved": "https://registry.npmjs.org/asap/-/asap-2.0.5.tgz",
      "integrity": "sha1-UidltQw1EEkOUtfc/ghe+bqWlY8="
    },
    "core-js": {
      "version": "1.2.7",
      "resolved": "https://registry.npmjs.org/core-js/-/core-js-1.2.7.tgz",
      "integrity": "sha1-ZSKUwUZR2yj6k70tX/KYOk8IxjY="
    },
    "encoding": {
      "version": "0.1.12",
      "resolved": "https://registry.npmjs.org/encoding/-/encoding-0.1.12.tgz",
      "integrity": "sha1-U4tm8+5izRq1HsMjgp0flIDHS+s="
    },
    "fbjs": {
      "version": "0.8.12",
      "resolved": "https://registry.npmjs.org/fbjs/-/fbjs-0.8.12.tgz",
      "integrity": "sha1-ELXZL3bUVXX9Y6IX1OoCvqL47QQ="
    },
    "iconv-lite": {
      "version": "0.4.17",
      "resolved": "https://registry.npmjs.org/iconv-lite/-/iconv-lite-0.4.17.tgz",
      "integrity": "sha1-T9qjs4rLwsAxsEXQ7c3+HsqxjI0="
    },
    "invariant": {
      "version": "2.2.2",
      "resolved": "https://registry.npmjs.org/invariant/-/invariant-2.2.2.tgz",
      "integrity": "sha1-nh9WrArNtr8wMwbzOL47IErmA2A="
    },
    "is-stream": {
      "version": "1.1.0",
      "resolved": "https://registry.npmjs.org/is-stream/-/is-stream-1.1.0.tgz",
      "integrity": "sha1-EtSj3U5o4Lec6428hBc66A2RykQ="
    },
    "isomorphic-fetch": {
      "version": "2.2.1",
      "resolved": "https://registry.npmjs.org/isomorphic-fetch/-/isomorphic-fetch-2.2.1.tgz",
      "integrity": "sha1-YRrhrPFPXoH3KVB0coGf6XM1WKk="
    },
    "js-tokens": {
      "version": "3.0.1",
      "resolved": "https://registry.npmjs.org/js-tokens/-/js-tokens-3.0.1.tgz",
      "integrity": "sha1-COnxMkhKLEWjCQfp3E1VZ7fxFNc="
    },
    "loose-envify": {
      "version": "1.3.1",
      "resolved": "https://registry.npmjs.org/loose-envify/-/loose-envify-1.3.1.tgz",
      "integrity": "sha1-0aitM/qc4OcT1l/dCsi3SNR4yEg="
    },
    "node-fetch": {
      "version": "1.7.1",
      "resolved": "https://registry.npmjs.org/node-fetch/-/node-fetch-1.7.1.tgz",
      "integrity": "sha512-j8XsFGCLw79vWXkZtMSmmLaOk9z5SQ9bV/tkbZVCqvgwzrjAGq66igobLofHtF63NvMTp2WjytpsNTGKa+XRIQ=="
    },
    "object-assign": {
      "version": "4.1.1",
      "resolved": "https://registry.npmjs.org/object-assign/-/object-assign-4.1.1.tgz",
      "integrity": "sha1-IQmtx5ZYh8/AXLvUQsrIv7s2CGM="
    },
    "promise": {
      "version": "7.1.1",
      "resolved": "https://registry.npmjs.org/promise/-/promise-7.1.1.tgz",
      "integrity": "sha1-SJZUxpJha4qlWwck+oCbt9tJxb8="
    },
    "prop-types": {
      "version": "15.5.10",
      "resolved": "https://registry.npmjs.org/prop-types/-/prop-types-15.5.10.tgz",
      "integrity": "sha1-J5ffwxJhguOpXj37suiT3ddFYVQ="
    },
    "react": {
      "version": "15.5.4",
      "resolved": "https://registry.npmjs.org/react/-/react-15.5.4.tgz",
      "integrity": "sha1-+oPrAVBqsjfNwcjDsc6o3gEr8Ec="
    },
    "react-dom": {
      "version": "15.5.4",
      "resolved": "https://registry.npmjs.org/react-dom/-/react-dom-15.5.4.tgz",
      "integrity": "sha1-ugwoeG/VLtfk8hNf4CiNRirvk9o="
    },
    "setimmediate": {
      "version": "1.0.5",
      "resolved": "https://registry.npmjs.org/setimmediate/-/setimmediate-1.0.5.tgz",
      "integrity": "sha1-KQy7Iy4waULX1+qbg3Mqt4VvgoU="
    },
    "ua-parser-js": {
      "version": "0.7.12",
      "resolved": "https://registry.npmjs.org/ua-parser-js/-/ua-parser-js-0.7.12.tgz",
      "integrity": "sha1-BMgamb3V3FImPqKdJMa/jUgYpLs="
    },
    "whatwg-fetch": {
      "version": "2.0.3",
      "resolved": "https://registry.npmjs.org/whatwg-fetch/-/whatwg-fetch-2.0.3.tgz",
      "integrity": "sha1-nITsLc9oGH/wC8ZOEnS0QhduHIQ="
    }
  }
}
