{
  "name": "pattern-analytics-webostv",
  "version": "1.0.0",
  "lockfileVersion": 1,
  "requires": true,
  "dependencies": {
    "js-tokens": {
      "version": "4.0.0",
      "resolved": "https://registry.npmjs.org/js-tokens/-/js-tokens-4.0.0.tgz",
      "integrity": "sha512-RdJUflcE3cUzKiMqQgsCu06FPu9UdIJO0beYbPhHN4k6apgJtifcoCtT9bcxOpYBtpD2kCM6Sbzg4CausW/PKQ=="
    },
    "loose-envify": {
      "version": "1.4.0",
      "resolved": "https://registry.npmjs.org/loose-envify/-/loose-envify-1.4.0.tgz",
      "integrity": "sha512-lyuxPGr/Wfhrlem2CL/UcnUc1zcqKAImBDzukY7Y5F/yQiNdko6+fRLevlw1HgMySw7f611UIY408EtxRSoK3Q==",
      "requires": {
        "js-tokens": "^3.0.0 || ^4.0.0"
      }
    },
    "object-assign": {
      "version": "4.1.1",
      "resolved": "https://registry.npmjs.org/object-assign/-/object-assign-4.1.1.tgz",
      "integrity": "sha1-IQmtx5ZYh8/AXLvUQsrIv7s2CGM="
    },
    "prop-types": {
      "version": "15.7.1",
      "resolved": "https://registry.npmjs.org/prop-types/-/prop-types-15.7.1.tgz",
      "integrity": "sha512-f8Lku2z9kERjOCcnDOPm68EBJAO2K00Q5mSgPAUE/gJuBgsYLbVy6owSrtcHj90zt8PvW+z0qaIIgsIhHOa1Qw==",
      "requires": {
        "object-assign": "^4.1.1",
        "react-is": "^16.8.1"
      }
    },
    "react": {
      "version": "16.8.1",
      "resolved": "https://registry.npmjs.org/react/-/react-16.8.1.tgz",
      "integrity": "sha512-wLw5CFGPdo7p/AgteFz7GblI2JPOos0+biSoxf1FPsGxWQZdN/pj6oToJs1crn61DL3Ln7mN86uZ4j74p31ELQ==",
      "requires": {
        "loose-envify": "^1.1.0",
        "object-assign": "^4.1.1",
        "prop-types": "^15.6.2",
        "scheduler": "^0.13.1"
      }
    },
    "react-dom": {
      "version": "16.8.1",
      "resolved": "https://registry.npmjs.org/react-dom/-/react-dom-16.8.1.tgz",
      "integrity": "sha512-N74IZUrPt6UiDjXaO7UbDDFXeUXnVhZzeRLy/6iqqN1ipfjrhR60Bp5NuBK+rv3GMdqdIuwIl22u1SYwf330bg==",
      "requires": {
        "loose-envify": "^1.1.0",
        "object-assign": "^4.1.1",
        "prop-types": "^15.6.2",
        "scheduler": "^0.13.1"
      }
    },
    "react-is": {
      "version": "16.8.4",
      "resolved": "https://registry.npmjs.org/react-is/-/react-is-16.8.4.tgz",
      "integrity": "sha512-PVadd+WaUDOAciICm/J1waJaSvgq+4rHE/K70j0PFqKhkTBsPv/82UGQJNXAngz1fOQLLxI6z1sEDmJDQhCTAA=="
    },
    "scheduler": {
      "version": "0.13.1",
      "resolved": "https://registry.npmjs.org/scheduler/-/scheduler-0.13.1.tgz",
      "integrity": "sha512-VJKOkiKIN2/6NOoexuypwSrybx13MY7NSy9RNt8wPvZDMRT1CW6qlpF5jXRToXNHz3uWzbm2elNpZfXfGPqP9A==",
      "requires": {
        "loose-envify": "^1.1.0",
        "object-assign": "^4.1.1"
      }
    },
    "web-animations-js": {
      "version": "2.3.2",
      "resolved": "https://registry.npmjs.org/web-animations-js/-/web-animations-js-2.3.2.tgz",
      "integrity": "sha512-TOMFWtQdxzjWp8qx4DAraTWTsdhxVSiWa6NkPFSaPtZ1diKUxTn4yTix73A1euG1WbSOMMPcY51cnjTIHrGtDA=="
    }
  }
}
