{
  "name": "spotlight-sandbox",
  "version": "1.0.0",
  "lockfileVersion": 3,
  "requires": true,
  "packages": {
    "": {
      "name": "spotlight-sandbox",
      "version": "1.0.0",
      "license": "Apache-2.0",
      "dependencies": {
        "@enact/core": "^5.6.0",
        "@enact/i18n": "^5.6.0",
        "@enact/spotlight": "^5.6.0",
        "@enact/ui": "^5.6.0",
        "ilib": "^14.22.0",
        "prop-types": "^15.8.1",
        "ramda": "^0.32.0",
        "react": "^19.3.0",
        "react-dom": "^19.3.0",
        "react-router": "^8.4.0"
      }
    },
    "node_modules/@enact/core": {
      "version": "5.6.0",
      "resolved": "https://registry.npmjs.org/@enact/core/-/core-5.6.0.tgz",
      "integrity": "sha512-rgoBLzRJK7brzzzPOUAFqIAGOe7BGzOCXVB2bIawhD4Yipy1K4zQrKSZIrJxDTN/MDp5ULmYcUx8WUQbgkCXHQ==",
      "license": "Apache-2.0",
      "dependencies": {
        "classnames": "^2.5.1",
        "invariant": "^2.2.4",
        "prop-types": "^15.8.1",
        "ramda": "^0.32.0",
        "react": "^19.2.8",
        "react-dom": "^19.2.8",
        "react-is": "^19.2.8",
        "warning": "^4.0.3"
      }
    },
    "node_modules/@enact/i18n": {
      "version": "5.6.0",
      "resolved": "https://registry.npmjs.org/@enact/i18n/-/i18n-5.6.0.tgz",
      "integrity": "sha512-rCfkqQUokGCYnmSAaKYOxQaF8Q7zQbQ/GVzknGTGKlaHRGM4PYcg2J8dYrGhp1pM83Zb1tBigSd7z8uRP0WHjA==",
      "license": "Apache-2.0",
      "dependencies": {
        "@enact/core": "^5.6.0",
        "prop-types": "^15.8.1",
        "ramda": "^0.32.0",
        "react": "^19.2.8",
        "react-dom": "^19.2.8",
        "xhr": "^2.6.0"
      },
      "peerDependencies": {
        "ilib": "^14.21.0 || ^14.21.0-webos1"
      }
    },
    "node_modules/@enact/spotlight": {
      "version": "5.6.0",
      "resolved": "https://registry.npmjs.org/@enact/spotlight/-/spotlight-5.6.0.tgz",
      "integrity": "sha512-3ftqR5d68EGofZy5r2DcPGZ+rudqzOHnXRP+OQ1skGecIQ7PcfROLn57neJUCl1xCKYF9QDoU9FDsB/u4ufiMA==",
      "license": "Apache-2.0",
      "dependencies": {
        "@enact/core": "^5.6.0",
        "classnames": "^2.5.1",
        "prop-types": "^15.8.1",
        "ramda": "^0.32.0",
        "react": "^19.2.8",
        "react-dom": "^19.2.8",
        "warning": "^4.0.3"
      }
    },
    "node_modules/@enact/ui": {
      "version": "5.6.0",
      "resolved": "https://registry.npmjs.org/@enact/ui/-/ui-5.6.0.tgz",
      "integrity": "sha512-A5n/QHr6vUp+NNTexj4uolBsJec//AAXkx6yjnLcpRIAwArHcG9e/ZVQztP3p1J5gld+JQGb1ZIFdjHYFFyivg==",
      "license": "Apache-2.0",
      "dependencies": {
        "@enact/core": "^5.6.0",
        "@enact/i18n": "^5.6.0",
        "classnames": "^2.5.1",
        "ilib": "^14.22.0",
        "invariant": "^2.2.4",
        "prop-types": "^15.8.1",
        "ramda": "^0.32.0",
        "react": "^19.2.8",
        "react-dom": "^19.2.8",
        "react-is": "^19.2.8",
        "warning": "^4.0.3"
      }
    },
    "node_modules/@remix-run/route-pattern": {
      "version": "0.22.1",
      "resolved": "https://registry.npmjs.org/@remix-run/route-pattern/-/route-pattern-0.22.1.tgz",
      "integrity": "sha512-czdGJWh09Lapvcqt7Vb09KlrU2PhRJ8xQaI+AItTuD9aDJ5MAgxnS38lnys6Ll+6RJEqPiaUqTwIQhVLwFvv+w==",
      "license": "MIT"
    },
    "node_modules/classnames": {
      "version": "2.5.1",
      "resolved": "https://registry.npmjs.org/classnames/-/classnames-2.5.1.tgz",
      "integrity": "sha512-saHYOzhIQs6wy2sVxTM6bUDsQO4F50V9RQ22qBpEdCW+I+/Wmke2HOl6lS6dTpdxVhb88/I6+Hs+438c3lfUow==",
      "license": "MIT"
    },
    "node_modules/cookie-es": {
      "version": "3.1.1",
      "resolved": "https://registry.npmjs.org/cookie-es/-/cookie-es-3.1.1.tgz",
      "integrity": "sha512-UaXxwISYJPTr9hwQxMFYZ7kNhSXboMXP+Z3TRX6f1/NyaGPfuNUZOWP1pUEb75B2HjfklIYLVRfWiFZJyC6Npg==",
      "license": "MIT"
    },
    "node_modules/dom-walk": {
      "version": "0.1.2",
      "resolved": "https://registry.npmjs.org/dom-walk/-/dom-walk-0.1.2.tgz",
      "integrity": "sha512-6QvTW9mrGeIegrFXdtQi9pk7O/nSK6lSdXW2eqUspN5LWD7UTji2Fqw5V2YLjBpHEoU9Xl/eUWNpDeZvoyOv2w=="
    },
    "node_modules/global": {
      "version": "4.4.0",
      "resolved": "https://registry.npmjs.org/global/-/global-4.4.0.tgz",
      "integrity": "sha512-wv/LAoHdRE3BeTGz53FAamhGlPLhlssK45usmGFThIi4XqnBmjKQ16u+RNbP7WvigRZDxUsM0J3gcQ5yicaL0w==",
      "license": "MIT",
      "dependencies": {
        "min-document": "^2.19.0",
        "process": "^0.11.10"
      }
    },
    "node_modules/ilib": {
      "version": "14.22.0",
      "resolved": "https://registry.npmjs.org/ilib/-/ilib-14.22.0.tgz",
      "integrity": "sha512-N3Rj+B1BwVPjhl5z67lKfTepGYos9Yfx5dosRDnh5pmVKv69eHYXyN5MG2yv3FRS9ilygSE8DEC7fm6Yleng6A==",
      "license": "Apache-2.0",
      "engines": {
        "node": ">=8 <25"
      }
    },
    "node_modules/invariant": {
      "version": "2.2.4",
      "resolved": "https://registry.npmjs.org/invariant/-/invariant-2.2.4.tgz",
      "integrity": "sha512-phJfQVBuaJM5raOpJjSfkiD6BpbCE4Ns//LaXl6wGYtUBY83nWS6Rf9tXm2e8VaK60JEjYldbPif/A2B1C2gNA==",
      "license": "MIT",
      "dependencies": {
        "loose-envify": "^1.0.0"
      }
    },
    "node_modules/is-function": {
      "version": "1.0.2",
      "resolved": "https://registry.npmjs.org/is-function/-/is-function-1.0.2.tgz",
      "integrity": "sha512-lw7DUp0aWXYg+CBCN+JKkcE0Q2RayZnSvnZBlwgxHBQhqt5pZNVy4Ri7H9GmmXkdu7LUthszM+Tor1u/2iBcpQ==",
      "license": "MIT"
    },
    "node_modules/js-tokens": {
      "version": "4.0.0",
      "resolved": "https://registry.npmjs.org/js-tokens/-/js-tokens-4.0.0.tgz",
      "integrity": "sha512-RdJUflcE3cUzKiMqQgsCu06FPu9UdIJO0beYbPhHN4k6apgJtifcoCtT9bcxOpYBtpD2kCM6Sbzg4CausW/PKQ==",
      "license": "MIT"
    },
    "node_modules/loose-envify": {
      "version": "1.4.0",
      "resolved": "https://registry.npmjs.org/loose-envify/-/loose-envify-1.4.0.tgz",
      "integrity": "sha512-lyuxPGr/Wfhrlem2CL/UcnUc1zcqKAImBDzukY7Y5F/yQiNdko6+fRLevlw1HgMySw7f611UIY408EtxRSoK3Q==",
      "license": "MIT",
      "dependencies": {
        "js-tokens": "^3.0.0 || ^4.0.0"
      },
      "bin": {
        "loose-envify": "cli.js"
      }
    },
    "node_modules/min-document": {
      "version": "2.19.2",
      "resolved": "https://registry.npmjs.org/min-document/-/min-document-2.19.2.tgz",
      "integrity": "sha512-8S5I8db/uZN8r9HSLFVWPdJCvYOejMcEC82VIzNUc6Zkklf/d1gg2psfE79/vyhWOj4+J8MtwmoOz3TmvaGu5A==",
      "license": "MIT",
      "dependencies": {
        "dom-walk": "^0.1.0"
      }
    },
    "node_modules/object-assign": {
      "version": "4.1.1",
      "resolved": "https://registry.npmjs.org/object-assign/-/object-assign-4.1.1.tgz",
      "integrity": "sha512-rJgTQnkUnH1sFw8yT6VSU3zD3sWmu6sZhIseY8VX+GRu3P6F7Fu+JNDoXfklElbLJSnc3FUQHVe4cU5hj+BcUg==",
      "license": "MIT",
      "engines": {
        "node": ">=0.10.0"
      }
    },
    "node_modules/parse-headers": {
      "version": "2.0.6",
      "resolved": "https://registry.npmjs.org/parse-headers/-/parse-headers-2.0.6.tgz",
      "integrity": "sha512-Tz11t3uKztEW5FEVZnj1ox8GKblWn+PvHY9TmJV5Mll2uHEwRdR/5Li1OlXoECjLYkApdhWy44ocONwXLiKO5A==",
      "license": "MIT"
    },
    "node_modules/process": {
      "version": "0.11.10",
      "resolved": "https://registry.npmjs.org/process/-/process-0.11.10.tgz",
      "integrity": "sha512-cdGef/drWFoydD1JsMzuFf8100nZl+GT+yacc2bEced5f9Rjk4z+WtFUTBu9PhOi9j/jfmBPu0mMEY4wIdAF8A==",
      "license": "MIT",
      "engines": {
        "node": ">= 0.6.0"
      }
    },
    "node_modules/prop-types": {
      "version": "15.8.1",
      "resolved": "https://registry.npmjs.org/prop-types/-/prop-types-15.8.1.tgz",
      "integrity": "sha512-oj87CgZICdulUohogVAR7AjlC0327U4el4L6eAvOqCeudMDVU0NThNaV+b9Df4dXgSP1gXMTnPdhfe/2qDH5cg==",
      "license": "MIT",
      "dependencies": {
        "loose-envify": "^1.4.0",
        "object-assign": "^4.1.1",
        "react-is": "^16.13.1"
      }
    },
    "node_modules/prop-types/node_modules/react-is": {
      "version": "16.13.1",
      "resolved": "https://registry.npmjs.org/react-is/-/react-is-16.13.1.tgz",
      "integrity": "sha512-24e6ynE2H+OKt4kqsOvNd8kBpV65zoxbA4BVsEOB3ARVWQki/DHzaUoC5KuON/BiccDaCCTZBuOcfZs70kR8bQ==",
      "license": "MIT"
    },
    "node_modules/ramda": {
      "version": "0.32.0",
      "resolved": "https://registry.npmjs.org/ramda/-/ramda-0.32.0.tgz",
      "integrity": "sha512-GQWAHhxhxWBWA8oIBr1XahFVjQ9Fic6MK9ikijfd4TZHfE2+urfk+irVlR5VOn48uwMgM+loRRBJd6Yjsbc0zQ==",
      "license": "MIT",
      "funding": {
        "type": "opencollective",
        "url": "https://opencollective.com/ramda"
      }
    },
    "node_modules/react": {
      "version": "19.3.0",
      "resolved": "https://registry.npmjs.org/react/-/react-19.3.0.tgz",
      "integrity": "sha512-E8LUcbtBWt20bbl2YoHfx4ZDBdxVTfOKtCZn9cDSJ4l6/nuoApcpIBcj47t2wZoVX8g2ZHuMHbiShgCR1T5Sog==",
      "license": "MIT",
      "engines": {
        "node": ">=0.10.0"
      }
    },
    "node_modules/react-dom": {
      "version": "19.3.0",
      "resolved": "https://registry.npmjs.org/react-dom/-/react-dom-19.3.0.tgz",
      "integrity": "sha512-JDk8dgif51OjFoDE70+OT9ICyYr+69HlmihNwp1+Nsfbna3t5sIiCa9ZJktDmQ4/1b/rn26hIAR2uYXDMr5r0Q==",
      "license": "MIT",
      "dependencies": {
        "scheduler": "^0.28.0"
      },
      "peerDependencies": {
        "react": "^19.3.0"
      }
    },
    "node_modules/react-is": {
      "version": "19.3.0",
      "resolved": "https://registry.npmjs.org/react-is/-/react-is-19.3.0.tgz",
      "integrity": "sha512-UpMYezM4v5/18F28aC66AEsjXIgE02kyEMH6yLdgLXu/UTfa1Ntwck/nNLrbqJsEXW7gPb0coNO9FQse9WTovA==",
      "license": "MIT"
    },
    "node_modules/react-router": {
      "version": "8.4.0",
      "resolved": "https://registry.npmjs.org/react-router/-/react-router-8.4.0.tgz",
      "integrity": "sha512-JtydAkBvU9UTEe5qNC+POhu+ZBNM7rlKY2IegwXc7Idj7xfRG16x5RZrw3mju+XlqBxfvb2ky9P3jUp9WyWC1g==",
      "license": "MIT",
      "dependencies": {
        "@remix-run/route-pattern": "^0.22.1",
        "cookie-es": "^3.1.1"
      },
      "engines": {
        "node": ">=22.22.0"
      },
      "peerDependencies": {
        "react": ">=19.2.7",
        "react-dom": ">=19.2.7"
      },
      "peerDependenciesMeta": {
        "react-dom": {
          "optional": true
        }
      }
    },
    "node_modules/scheduler": {
      "version": "0.28.0",
      "resolved": "https://registry.npmjs.org/scheduler/-/scheduler-0.28.0.tgz",
      "integrity": "sha512-juorfCmIkIw8tT+p5BXSm6PJjQF/ycEYmKyzURCIt/RaZIhL+PulbQ9Yu2z1HdOJDdqDTlxA1+xKBmHXJsczAw==",
      "license": "MIT"
    },
    "node_modules/warning": {
      "version": "4.0.3",
      "resolved": "https://registry.npmjs.org/warning/-/warning-4.0.3.tgz",
      "integrity": "sha512-rpJyN222KWIvHJ/F53XSZv0Zl/accqHR8et1kpaMTD/fLCRxtV8iX8czMzY7sVZupTI3zcUTg8eycS2kNF9l6w==",
      "license": "MIT",
      "dependencies": {
        "loose-envify": "^1.0.0"
      }
    },
    "node_modules/xhr": {
      "version": "2.6.0",
      "resolved": "https://registry.npmjs.org/xhr/-/xhr-2.6.0.tgz",
      "integrity": "sha512-/eCGLb5rxjx5e3mF1A7s+pLlR6CGyqWN91fv1JgER5mVWg1MZmlhBvy9kjcsOdRk8RrIujotWyJamfyrp+WIcA==",
      "license": "MIT",
      "dependencies": {
        "global": "~4.4.0",
        "is-function": "^1.0.1",
        "parse-headers": "^2.0.0",
        "xtend": "^4.0.0"
      }
    },
    "node_modules/xtend": {
      "version": "4.0.2",
      "resolved": "https://registry.npmjs.org/xtend/-/xtend-4.0.2.tgz",
      "integrity": "sha512-LKYU1iAXJXUgAXn9URjiu+MWhyUXHsvfp7mcuYm9dSUKK0/CjtrUwFAxD82/mCWbtLsGjFIad0wIsod4zrTAEQ==",
      "license": "MIT",
      "engines": {
        "node": ">=0.4"
      }
    }
  }
}
